
Microsoft Visual Studio Solution File, Format Version 12.00
# Visual Studio Version 17
VisualStudioVersion = 17.2.32630.192
MinimumVisualStudioVersion = 10.0.40219.1
Project("{9A19103F-16F7-4668-BE54-9A1E7A4F7556}") = "Tfl.UITests", "Tfl.UITests\Tfl.UITests.csproj", "{D17CCD9D-64AD-4EC0-8D0B-0C93B42D2E84}"
EndProject
Project("{9A19103F-16F7-4668-BE54-9A1E7A4F7556}") = "ConfigurationBuilder", "ConfigurationBuilder\ConfigurationBuilder.csproj", "{C255B03E-7ECF-4A27-9B64-84B8D01125F3}"
EndProject
Project("{2150E333-8FDC-42A3-9474-1A3956D46DE8}") = "Framework", "Framework", "{E9BC7E5B-B6D1-4226-BBCC-6DA8834AB61A}"
EndProject
Project("{9A19103F-16F7-4668-BE54-9A1E7A4F7556}") = "UI.Framework", "UI.Framework\UI.Framework.csproj", "{1A975A76-7C2E-4374-AB08-B3C3448571E8}"
EndProject
Project("{9A19103F-16F7-4668-BE54-9A1E7A4F7556}") = "Toyota.UITests", "Toyota.UITests\Toyota.UITests.csproj", "{52093CA2-7650-4143-ABAC-07D18BA17FF2}"
EndProject
Project("{9A19103F-16F7-4668-BE54-9A1E7A4F7556}") = "Pantheon.UITests", "Pantheon.UITests\Pantheon.UITests.csproj", "{3272F49A-04EC-4F4F-9978-3441AA9619B8}"
EndProject
Project("{FAE04EC0-301F-11D3-BF4B-00C04F79EFBC}") = "LeedsCityCouncil.UITests", "LeedsCityCouncil.UITests\LeedsCityCouncil.UITests.csproj", "{0CF806F0-7EBE-4E89-B25F-0163E2F3E861}"
EndProject
Global
	GlobalSection(SolutionConfigurationPlatforms) = preSolution
		Debug|Any CPU = Debug|Any CPU
		Release|Any CPU = Release|Any CPU
	EndGlobalSection
	GlobalSection(ProjectConfigurationPlatforms) = postSolution
		{D17CCD9D-64AD-4EC0-8D0B-0C93B42D2E84}.Debug|Any CPU.ActiveCfg = Debug|Any CPU
		{D17CCD9D-64AD-4EC0-8D0B-0C93B42D2E84}.Debug|Any CPU.Build.0 = Debug|Any CPU
		{D17CCD9D-64AD-4EC0-8D0B-0C93B42D2E84}.Release|Any CPU.ActiveCfg = Release|Any CPU
		{D17CCD9D-64AD-4EC0-8D0B-0C93B42D2E84}.Release|Any CPU.Build.0 = Release|Any CPU
		{C255B03E-7ECF-4A27-9B64-84B8D01125F3}.Debug|Any CPU.ActiveCfg = Debug|Any CPU
		{C255B03E-7ECF-4A27-9B64-84B8D01125F3}.Debug|Any CPU.Build.0 = Debug|Any CPU
		{C255B03E-7ECF-4A27-9B64-84B8D01125F3}.Release|Any CPU.ActiveCfg = Release|Any CPU
		{C255B03E-7ECF-4A27-9B64-84B8D01125F3}.Release|Any CPU.Build.0 = Release|Any CPU
		{1A975A76-7C2E-4374-AB08-B3C3448571E8}.Debug|Any CPU.ActiveCfg = Debug|Any CPU
		{1A975A76-7C2E-4374-AB08-B3C3448571E8}.Debug|Any CPU.Build.0 = Debug|Any CPU
		{1A975A76-7C2E-4374-AB08-B3C3448571E8}.Release|Any CPU.ActiveCfg = Release|Any CPU
		{1A975A76-7C2E-4374-AB08-B3C3448571E8}.Release|Any CPU.Build.0 = Release|Any CPU
		{52093CA2-7650-4143-ABAC-07D18BA17FF2}.Debug|Any CPU.ActiveCfg = Debug|Any CPU
		{52093CA2-7650-4143-ABAC-07D18BA17FF2}.Debug|Any CPU.Build.0 = Debug|Any CPU
		{52093CA2-7650-4143-ABAC-07D18BA17FF2}.Release|Any CPU.ActiveCfg = Release|Any CPU
		{52093CA2-7650-4143-ABAC-07D18BA17FF2}.Release|Any CPU.Build.0 = Release|Any CPU
		{3272F49A-04EC-4F4F-9978-3441AA9619B8}.Debug|Any CPU.ActiveCfg = Debug|Any CPU
		{3272F49A-04EC-4F4F-9978-3441AA9619B8}.Debug|Any CPU.Build.0 = Debug|Any CPU
		{3272F49A-04EC-4F4F-9978-3441AA9619B8}.Release|Any CPU.ActiveCfg = Release|Any CPU
		{3272F49A-04EC-4F4F-9978-3441AA9619B8}.Release|Any CPU.Build.0 = Release|Any CPU
		{0CF806F0-7EBE-4E89-B25F-0163E2F3E861}.Debug|Any CPU.ActiveCfg = Debug|Any CPU
		{0CF806F0-7EBE-4E89-B25F-0163E2F3E861}.Debug|Any CPU.Build.0 = Debug|Any CPU
		{0CF806F0-7EBE-4E89-B25F-0163E2F3E861}.Release|Any CPU.ActiveCfg = Release|Any CPU
		{0CF806F0-7EBE-4E89-B25F-0163E2F3E861}.Release|Any CPU.Build.0 = Release|Any CPU
	EndGlobalSection
	GlobalSection(SolutionProperties) = preSolution
		HideSolutionNode = FALSE
	EndGlobalSection
	GlobalSection(NestedProjects) = preSolution
		{C255B03E-7ECF-4A27-9B64-84B8D01125F3} = {E9BC7E5B-B6D1-4226-BBCC-6DA8834AB61A}
		{1A975A76-7C2E-4374-AB08-B3C3448571E8} = {E9BC7E5B-B6D1-4226-BBCC-6DA8834AB61A}
	EndGlobalSection
	GlobalSection(ExtensibilityGlobals) = postSolution
		SolutionGuid = {CF19F853-5E46-42F5-BB24-811E6717E56F}
	EndGlobalSection
EndGlobal
