
Microsoft Visual Studio Solution File, Format Version 12.00
# Visual Studio Version 17
VisualStudioVersion = 17.2.32630.192
MinimumVisualStudioVersion = 10.0.40219.1
Project("{9A19103F-16F7-4668-BE54-9A1E7A4F7556}") = "Tfl.JourneyPlannerTests", "Tfl.JourneyPlannerTests\Tfl.JourneyPlannerTests.csproj", "{D17CCD9D-64AD-4EC0-8D0B-0C93B42D2E84}"
EndProject
Project("{9A19103F-16F7-4668-BE54-9A1E7A4F7556}") = "Tfl.ConfigurationBuilder", "Tfl.ConfigurationBuilder\Tfl.ConfigurationBuilder.csproj", "{C255B03E-7ECF-4A27-9B64-84B8D01125F3}"
EndProject
Project("{FAE04EC0-301F-11D3-BF4B-00C04F79EFBC}") = "Tfl.Framework", "Tfl.Framework\Tfl.Framework.csproj", "{09F1DA7F-F52B-4BEC-B277-568607671B59}"
EndProject
Global
	GlobalSection(SolutionConfigurationPlatforms) = preSolution
		Debug|Any CPU = Debug|Any CPU
		Release|Any CPU = Release|Any CPU
	EndGlobalSection
	GlobalSection(ProjectConfigurationPlatforms) = postSolution
		{D17CCD9D-64AD-4EC0-8D0B-0C93B42D2E84}.Debug|Any CPU.ActiveCfg = Debug|Any CPU
		{D17CCD9D-64AD-4EC0-8D0B-0C93B42D2E84}.Debug|Any CPU.Build.0 = Debug|Any CPU
		{D17CCD9D-64AD-4EC0-8D0B-0C93B42D2E84}.Release|Any CPU.ActiveCfg = Release|Any CPU
		{D17CCD9D-64AD-4EC0-8D0B-0C93B42D2E84}.Release|Any CPU.Build.0 = Release|Any CPU
		{C255B03E-7ECF-4A27-9B64-84B8D01125F3}.Debug|Any CPU.ActiveCfg = Debug|Any CPU
		{C255B03E-7ECF-4A27-9B64-84B8D01125F3}.Debug|Any CPU.Build.0 = Debug|Any CPU
		{C255B03E-7ECF-4A27-9B64-84B8D01125F3}.Release|Any CPU.ActiveCfg = Release|Any CPU
		{C255B03E-7ECF-4A27-9B64-84B8D01125F3}.Release|Any CPU.Build.0 = Release|Any CPU
		{09F1DA7F-F52B-4BEC-B277-568607671B59}.Debug|Any CPU.ActiveCfg = Debug|Any CPU
		{09F1DA7F-F52B-4BEC-B277-568607671B59}.Debug|Any CPU.Build.0 = Debug|Any CPU
		{09F1DA7F-F52B-4BEC-B277-568607671B59}.Release|Any CPU.ActiveCfg = Release|Any CPU
		{09F1DA7F-F52B-4BEC-B277-568607671B59}.Release|Any CPU.Build.0 = Release|Any CPU
	EndGlobalSection
	GlobalSection(SolutionProperties) = preSolution
		HideSolutionNode = FALSE
	EndGlobalSection
	GlobalSection(ExtensibilityGlobals) = postSolution
		SolutionGuid = {CF19F853-5E46-42F5-BB24-811E6717E56F}
	EndGlobalSection
EndGlobal
